// !$*UTF8*$!
{
	archiveVersion = 1;
	classes = {
	};
	objectVersion = 50;
	objects = {

/* Begin PBXBuildFile section */
		98979E2D26819B160081E886 /* AppDelegate.swift in Sources */ = {isa = PBXBuildFile; fileRef = 98979E2C26819B160081E886 /* AppDelegate.swift */; };
		98979E2F26819B160081E886 /* SceneDelegate.swift in Sources */ = {isa = PBXBuildFile; fileRef = 98979E2E26819B160081E886 /* SceneDelegate.swift */; };
		98979E3126819B160081E886 /* ViewController.swift in Sources */ = {isa = PBXBuildFile; fileRef = 98979E3026819B160081E886 /* ViewController.swift */; };
		98979E3426819B160081E886 /* Main.storyboard in Resources */ = {isa = PBXBuildFile; fileRef = 98979E3226819B160081E886 /* Main.storyboard */; };
		98979E3726819B160081E886 /* DemoApp1.xcdatamodeld in Sources */ = {isa = PBXBuildFile; fileRef = 98979E3526819B160081E886 /* DemoApp1.xcdatamodeld */; };
		98979E3926819B170081E886 /* Assets.xcassets in Resources */ = {isa = PBXBuildFile; fileRef = 98979E3826819B170081E886 /* Assets.xcassets */; };
		98979E3C26819B170081E886 /* LaunchScreen.storyboard in Resources */ = {isa = PBXBuildFile; fileRef = 98979E3A26819B170081E886 /* LaunchScreen.storyboard */; };
		98A1DC072681DC2B000C767C /* DaysTableViewCell.swift in Sources */ = {isa = PBXBuildFile; fileRef = 98A1DC052681DC2B000C767C /* DaysTableViewCell.swift */; };
/* End PBXBuildFile section */

/* Begin PBXFileReference section */
		98979E2926819B160081E886 /* DemoApp1.app */ = {isa = PBXFileReference; explicitFileType = wrapper.application; includeInIndex = 0; path = DemoApp1.app; sourceTree = BUILT_PRODUCTS_DIR; };
		98979E2C26819B160081E886 /* AppDelegate.swift */ = {isa = PBXFileReference; lastKnownFileType = sourcecode.swift; path = AppDelegate.swift; sourceTree = "<group>"; };
		98979E2E26819B160081E886 /* SceneDelegate.swift */ = {isa = PBXFileReference; lastKnownFileType = sourcecode.swift; path = SceneDelegate.swift; sourceTree = "<group>"; };
		98979E3026819B160081E886 /* ViewController.swift */ = {isa = PBXFileReference; lastKnownFileType = sourcecode.swift; path = ViewController.swift; sourceTree = "<group>"; };
		98979E3326819B160081E886 /* Base */ = {isa = PBXFileReference; lastKnownFileType = file.storyboard; name = Base; path = Base.lproj/Main.storyboard; sourceTree = "<group>"; };
		98979E3626819B160081E886 /* DemoApp1.xcdatamodel */ = {isa = PBXFileReference; lastKnownFileType = wrapper.xcdatamodel; path = DemoApp1.xcdatamodel; sourceTree = "<group>"; };
		98979E3826819B170081E886 /* Assets.xcassets */ = {isa = PBXFileReference; lastKnownFileType = folder.assetcatalog; path = Assets.xcassets; sourceTree = "<group>"; };
		98979E3B26819B170081E886 /* Base */ = {isa = PBXFileReference; lastKnownFileType = file.storyboard; name = Base; path = Base.lproj/LaunchScreen.storyboard; sourceTree = "<group>"; };
		98979E3D26819B170081E886 /* Info.plist */ = {isa = PBXFileReference; lastKnownFileType = text.plist.xml; path = Info.plist; sourceTree = "<group>"; };
		98A1DC052681DC2B000C767C /* DaysTableViewCell.swift */ = {isa = PBXFileReference; lastKnownFileType = sourcecode.swift; path = DaysTableViewCell.swift; sourceTree = "<group>"; };
/* End PBXFileReference section */

/* Begin PBXFrameworksBuildPhase section */
		98979E2626819B160081E886 /* Frameworks */ = {
			isa = PBXFrameworksBuildPhase;
			buildActionMask = 2147483647;
			files = (
			);
			runOnlyForDeploymentPostprocessing = 0;
		};
/* End PBXFrameworksBuildPhase section */

/* Begin PBXGroup section */
		98979E2026819B160081E886 = {
			isa = PBXGroup;
			children = (
				98979E2B26819B160081E886 /* DemoApp1 */,
				98979E2A26819B160081E886 /* Products */,
			);
			sourceTree = "<group>";
		};
		98979E2A26819B160081E886 /* Products */ = {
			isa = PBXGroup;
			children = (
				98979E2926819B160081E886 /* DemoApp1.app */,
			);
			name = Products;
			sourceTree = "<group>";
		};
		98979E2B26819B160081E886 /* DemoApp1 */ = {
			isa = PBXGroup;
			children = (
				98979E2C26819B160081E886 /* AppDelegate.swift */,
				98979E2E26819B160081E886 /* SceneDelegate.swift */,
				98979E3026819B160081E886 /* ViewController.swift */,
				98979E3226819B160081E886 /* Main.storyboard */,
				98979E3826819B170081E886 /* Assets.xcassets */,
				98979E3A26819B170081E886 /* LaunchScreen.storyboard */,
				98979E3D26819B170081E886 /* Info.plist */,
				98979E3526819B160081E886 /* DemoApp1.xcdatamodeld */,
				98A1DC092681DC3D000C767C /* Cells */,
			);
			path = DemoApp1;
			sourceTree = "<group>";
		};
		98A1DC092681DC3D000C767C /* Cells */ = {
			isa = PBXGroup;
			children = (
				98A1DC052681DC2B000C767C /* DaysTableViewCell.swift */,
			);
			path = Cells;
			sourceTree = "<group>";
		};
/* End PBXGroup section */

/* Begin PBXNativeTarget section */
		98979E2826819B160081E886 /* DemoApp1 */ = {
			isa = PBXNativeTarget;
			buildConfigurationList = 98979E4026819B170081E886 /* Build configuration list for PBXNativeTarget "DemoApp1" */;
			buildPhases = (
				98979E2526819B160081E886 /* Sources */,
				98979E2626819B160081E886 /* Frameworks */,
				98979E2726819B160081E886 /* Resources */,
			);
			buildRules = (
			);
			dependencies = (
			);
			name = DemoApp1;
			productName = DemoApp1;
			productReference = 98979E2926819B160081E886 /* DemoApp1.app */;
			productType = "com.apple.product-type.application";
		};
/* End PBXNativeTarget section */

/* Begin PBXProject section */
		98979E2126819B160081E886 /* Project object */ = {
			isa = PBXProject;
			attributes = {
				LastSwiftUpdateCheck = 1250;
				LastUpgradeCheck = 1250;
				TargetAttributes = {
					98979E2826819B160081E886 = {
						CreatedOnToolsVersion = 12.5;
					};
				};
			};
			buildConfigurationList = 98979E2426819B160081E886 /* Build configuration list for PBXProject "DemoApp1" */;
			compatibilityVersion = "Xcode 9.3";
			developmentRegion = en;
			hasScannedForEncodings = 0;
			knownRegions = (
				en,
				Base,
			);
			mainGroup = 98979E2026819B160081E886;
			productRefGroup = 98979E2A26819B160081E886 /* Products */;
			projectDirPath = "";
			projectRoot = "";
			targets = (
				98979E2826819B160081E886 /* DemoApp1 */,
			);
		};
/* End PBXProject section */

/* Begin PBXResourcesBuildPhase section */
		98979E2726819B160081E886 /* Resources */ = {
			isa = PBXResourcesBuildPhase;
			buildActionMask = 2147483647;
			files = (
				98979E3C26819B170081E886 /* LaunchScreen.storyboard in Resources */,
				98979E3926819B170081E886 /* Assets.xcassets in Resources */,
				98979E3426819B160081E886 /* Main.storyboard in Resources */,
			);
			runOnlyForDeploymentPostprocessing = 0;
		};
/* End PBXResourcesBuildPhase section */

/* Begin PBXSourcesBuildPhase section */
		98979E2526819B160081E886 /* Sources */ = {
			isa = PBXSourcesBuildPhase;
			buildActionMask = 2147483647;
			files = (
				98979E3726819B160081E886 /* DemoApp1.xcdatamodeld in Sources */,
				98A1DC072681DC2B000C767C /* DaysTableViewCell.swift in Sources */,
				98979E3126819B160081E886 /* ViewController.swift in Sources */,
				98979E2D26819B160081E886 /* AppDelegate.swift in Sources */,
				98979E2F26819B160081E886 /* SceneDelegate.swift in Sources */,
			);
			runOnlyForDeploymentPostprocessing = 0;
		};
/* End PBXSourcesBuildPhase section */

/* Begin PBXVariantGroup section */
		98979E3226819B160081E886 /* Main.storyboard */ = {
			isa = PBXVariantGroup;
			children = (
				98979E3326819B160081E886 /* Base */,
			);
			name = Main.storyboard;
			sourceTree = "<group>";
		};
		98979E3A26819B170081E886 /* LaunchScreen.storyboard */ = {
			isa = PBXVariantGroup;
			children = (
				98979E3B26819B170081E886 /* Base */,
			);
			name = LaunchScreen.storyboard;
			sourceTree = "<group>";
		};
/* End PBXVariantGroup section */

/* Begin XCBuildConfiguration section */
		98979E3E26819B170081E886 /* Debug */ = {
			isa = XCBuildConfiguration;
			buildSettings = {
				ALWAYS_SEARCH_USER_PATHS = NO;
				CLANG_ANALYZER_NONNULL = YES;
				CLANG_ANALYZER_NUMBER_OBJECT_CONVERSION = YES_AGGRESSIVE;
				CLANG_CXX_LANGUAGE_STANDARD = "gnu++14";
				CLANG_CXX_LIBRARY = "libc++";
				CLANG_ENABLE_MODULES = YES;
				CLANG_ENABLE_OBJC_ARC = YES;
				CLANG_ENABLE_OBJC_WEAK = YES;
				CLANG_WARN_BLOCK_CAPTURE_AUTORELEASING = YES;
				CLANG_WARN_BOOL_CONVERSION = YES;
				CLANG_WARN_COMMA = YES;
				CLANG_WARN_CONSTANT_CONVERSION = YES;
				CLANG_WARN_DEPRECATED_OBJC_IMPLEMENTATIONS = YES;
				CLANG_WARN_DIRECT_OBJC_ISA_USAGE = YES_ERROR;
				CLANG_WARN_DOCUMENTATION_COMMENTS = YES;
				CLANG_WARN_EMPTY_BODY = YES;
				CLANG_WARN_ENUM_CONVERSION = YES;
				CLANG_WARN_INFINITE_RECURSION = YES;
				CLANG_WARN_INT_CONVERSION = YES;
				CLANG_WARN_NON_LITERAL_NULL_CONVERSION = YES;
				CLANG_WARN_OBJC_IMPLICIT_RETAIN_SELF = YES;
				CLANG_WARN_OBJC_LITERAL_CONVERSION = YES;
				CLANG_WARN_OBJC_ROOT_CLASS = YES_ERROR;
				CLANG_WARN_QUOTED_INCLUDE_IN_FRAMEWORK_HEADER = YES;
				CLANG_WARN_RANGE_LOOP_ANALYSIS = YES;
				CLANG_WARN_STRICT_PROTOTYPES = YES;
				CLANG_WARN_SUSPICIOUS_MOVE = YES;
				CLANG_WARN_UNGUARDED_AVAILABILITY = YES_AGGRESSIVE;
				CLANG_WARN_UNREACHABLE_CODE = YES;
				CLANG_WARN__DUPLICATE_METHOD_MATCH = YES;
				COPY_PHASE_STRIP = NO;
				DEBUG_INFORMATION_FORMAT = dwarf;
				ENABLE_STRICT_OBJC_MSGSEND = YES;
				ENABLE_TESTABILITY = YES;
				GCC_C_LANGUAGE_STANDARD = gnu11;
				GCC_DYNAMIC_NO_PIC = NO;
				GCC_NO_COMMON_BLOCKS = YES;
				GCC_OPTIMIZATION_LEVEL = 0;
				GCC_PREPROCESSOR_DEFINITIONS = (
					"DEBUG=1",
					"$(inherited)",
				);
				GCC_WARN_64_TO_32_BIT_CONVERSION = YES;
				GCC_WARN_ABOUT_RETURN_TYPE = YES_ERROR;
				GCC_WARN_UNDECLARED_SELECTOR = YES;
				GCC_WARN_UNINITIALIZED_AUTOS = YES_AGGRESSIVE;
				GCC_WARN_UNUSED_FUNCTION = YES;
				GCC_WARN_UNUSED_VARIABLE = YES;
				IPHONEOS_DEPLOYMENT_TARGET = 13.0;
				MTL_ENABLE_DEBUG_INFO = INCLUDE_SOURCE;
				MTL_FAST_MATH = YES;
				ONLY_ACTIVE_ARCH = YES;
				SDKROOT = iphoneos;
				SWIFT_ACTIVE_COMPILATION_CONDITIONS = DEBUG;
				SWIFT_OPTIMIZATION_LEVEL = "-Onone";
			};
			name = Debug;
		};
		98979E3F26819B170081E886 /* Release */ = {
			isa = XCBuildConfiguration;
			buildSettings = {
				ALWAYS_SEARCH_USER_PATHS = NO;
				CLANG_ANALYZER_NONNULL = YES;
				CLANG_ANALYZER_NUMBER_OBJECT_CONVERSION = YES_AGGRESSIVE;
				CLANG_CXX_LANGUAGE_STANDARD = "gnu++14";
				CLANG_CXX_LIBRARY = "libc++";
				CLANG_ENABLE_MODULES = YES;
				CLANG_ENABLE_OBJC_ARC = YES;
				CLANG_ENABLE_OBJC_WEAK = YES;
				CLANG_WARN_BLOCK_CAPTURE_AUTORELEASING = YES;
				CLANG_WARN_BOOL_CONVERSION = YES;
				CLANG_WARN_COMMA = YES;
				CLANG_WARN_CONSTANT_CONVERSION = YES;
				CLANG_WARN_DEPRECATED_OBJC_IMPLEMENTATIONS = YES;
				CLANG_WARN_DIRECT_OBJC_ISA_USAGE = YES_ERROR;
				CLANG_WARN_DOCUMENTATION_COMMENTS = YES;
				CLANG_WARN_EMPTY_BODY = YES;
				CLANG_WARN_ENUM_CONVERSION = YES;
				CLANG_WARN_INFINITE_RECURSION = YES;
				CLANG_WARN_INT_CONVERSION = YES;
				CLANG_WARN_NON_LITERAL_NULL_CONVERSION = YES;
				CLANG_WARN_OBJC_IMPLICIT_RETAIN_SELF = YES;
				CLANG_WARN_OBJC_LITERAL_CONVERSION = YES;
				CLANG_WARN_OBJC_ROOT_CLASS = YES_ERROR;
				CLANG_WARN_QUOTED_INCLUDE_IN_FRAMEWORK_HEADER = YES;
				CLANG_WARN_RANGE_LOOP_ANALYSIS = YES;
				CLANG_WARN_STRICT_PROTOTYPES = YES;
				CLANG_WARN_SUSPICIOUS_MOVE = YES;
				CLANG_WARN_UNGUARDED_AVAILABILITY = YES_AGGRESSIVE;
				CLANG_WARN_UNREACHABLE_CODE = YES;
				CLANG_WARN__DUPLICATE_METHOD_MATCH = YES;
				COPY_PHASE_STRIP = NO;
				DEBUG_INFORMATION_FORMAT = "dwarf-with-dsym";
				ENABLE_NS_ASSERTIONS = NO;
				ENABLE_STRICT_OBJC_MSGSEND = YES;
				GCC_C_LANGUAGE_STANDARD = gnu11;
				GCC_NO_COMMON_BLOCKS = YES;
				GCC_WARN_64_TO_32_BIT_CONVERSION = YES;
				GCC_WARN_ABOUT_RETURN_TYPE = YES_ERROR;
				GCC_WARN_UNDECLARED_SELECTOR = YES;
				GCC_WARN_UNINITIALIZED_AUTOS = YES_AGGRESSIVE;
				GCC_WARN_UNUSED_FUNCTION = YES;
				GCC_WARN_UNUSED_VARIABLE = YES;
				IPHONEOS_DEPLOYMENT_TARGET = 13.0;
				MTL_ENABLE_DEBUG_INFO = NO;
				MTL_FAST_MATH = YES;
				SDKROOT = iphoneos;
				SWIFT_COMPILATION_MODE = wholemodule;
				SWIFT_OPTIMIZATION_LEVEL = "-O";
				VALIDATE_PRODUCT = YES;
			};
			name = Release;
		};
		98979E4126819B170081E886 /* Debug */ = {
			isa = XCBuildConfiguration;
			buildSettings = {
				ASSETCATALOG_COMPILER_APPICON_NAME = AppIcon;
				ASSETCATALOG_COMPILER_GLOBAL_ACCENT_COLOR_NAME = AccentColor;
				CODE_SIGN_STYLE = Automatic;
				INFOPLIST_FILE = DemoApp1/Info.plist;
				LD_RUNPATH_SEARCH_PATHS = (
					"$(inherited)",
					"@executable_path/Frameworks",
				);
				PRODUCT_BUNDLE_IDENTIFIER = com.dtanwar.DemoApp1;
				PRODUCT_NAME = "$(TARGET_NAME)";
				SWIFT_VERSION = 5.0;
				TARGETED_DEVICE_FAMILY = "1,2";
			};
			name = Debug;
		};
		98979E4226819B170081E886 /* Release */ = {
			isa = XCBuildConfiguration;
			buildSettings = {
				ASSETCATALOG_COMPILER_APPICON_NAME = AppIcon;
				ASSETCATALOG_COMPILER_GLOBAL_ACCENT_COLOR_NAME = AccentColor;
				CODE_SIGN_STYLE = Automatic;
				INFOPLIST_FILE = DemoApp1/Info.plist;
				LD_RUNPATH_SEARCH_PATHS = (
					"$(inherited)",
					"@executable_path/Frameworks",
				);
				PRODUCT_BUNDLE_IDENTIFIER = com.dtanwar.DemoApp1;
				PRODUCT_NAME = "$(TARGET_NAME)";
				SWIFT_VERSION = 5.0;
				TARGETED_DEVICE_FAMILY = "1,2";
			};
			name = Release;
		};
/* End XCBuildConfiguration section */

/* Begin XCConfigurationList section */
		98979E2426819B160081E886 /* Build configuration list for PBXProject "DemoApp1" */ = {
			isa = XCConfigurationList;
			buildConfigurations = (
				98979E3E26819B170081E886 /* Debug */,
				98979E3F26819B170081E886 /* Release */,
			);
			defaultConfigurationIsVisible = 0;
			defaultConfigurationName = Release;
		};
		98979E4026819B170081E886 /* Build configuration list for PBXNativeTarget "DemoApp1" */ = {
			isa = XCConfigurationList;
			buildConfigurations = (
				98979E4126819B170081E886 /* Debug */,
				98979E4226819B170081E886 /* Release */,
			);
			defaultConfigurationIsVisible = 0;
			defaultConfigurationName = Release;
		};
/* End XCConfigurationList section */

/* Begin XCVersionGroup section */
		98979E3526819B160081E886 /* DemoApp1.xcdatamodeld */ = {
			isa = XCVersionGroup;
			children = (
				98979E3626819B160081E886 /* DemoApp1.xcdatamodel */,
			);
			currentVersion = 98979E3626819B160081E886 /* DemoApp1.xcdatamodel */;
			path = DemoApp1.xcdatamodeld;
			sourceTree = "<group>";
			versionGroupType = wrapper.xcdatamodel;
		};
/* End XCVersionGroup section */
	};
	rootObject = 98979E2126819B160081E886 /* Project object */;
}
